
Microsoft Visual Studio Solution File, Format Version 12.00
# Visual Studio Version 16
VisualStudioVersion = 16.0.30104.148
MinimumVisualStudioVersion = 10.0.40219.1
Project("{FAE04EC0-301F-11D3-BF4B-00C04F79EFBC}") = "Gee Whiz Software Test", "Gee Whiz Software Test\Gee Whiz Software Test.csproj", "{ACCEDB3E-1D4E-4F03-9B55-2EFD453A037F}"
EndProject
Global
	GlobalSection(SolutionConfigurationPlatforms) = preSolution
		Debug|Any CPU = Debug|Any CPU
		Release|Any CPU = Release|Any CPU
	EndGlobalSection
	GlobalSection(ProjectConfigurationPlatforms) = postSolution
		{ACCEDB3E-1D4E-4F03-9B55-2EFD453A037F}.Debug|Any CPU.ActiveCfg = Debug|Any CPU
		{ACCEDB3E-1D4E-4F03-9B55-2EFD453A037F}.Debug|Any CPU.Build.0 = Debug|Any CPU
		{ACCEDB3E-1D4E-4F03-9B55-2EFD453A037F}.Release|Any CPU.ActiveCfg = Release|Any CPU
		{ACCEDB3E-1D4E-4F03-9B55-2EFD453A037F}.Release|Any CPU.Build.0 = Release|Any CPU
	EndGlobalSection
	GlobalSection(SolutionProperties) = preSolution
		HideSolutionNode = FALSE
	EndGlobalSection
	GlobalSection(ExtensibilityGlobals) = postSolution
		SolutionGuid = {5C16A590-F793-47AD-B001-64C87B231211}
	EndGlobalSection
EndGlobal
